
Microsoft Visual Studio Solution File, Format Version 12.00
# Visual Studio Version 17
VisualStudioVersion = 17.11.35312.102
MinimumVisualStudioVersion = 10.0.40219.1
Project("{FAE04EC0-301F-11D3-BF4B-00C04F79EFBC}") = "Greenhost", "Greenhost\Greenhost.csproj", "{F4D3C15C-694D-488B-8B77-C57B200B209D}"
EndProject
Global
	GlobalSection(SolutionConfigurationPlatforms) = preSolution
		Debug|Any CPU = Debug|Any CPU
		Release|Any CPU = Release|Any CPU
	EndGlobalSection
	GlobalSection(ProjectConfigurationPlatforms) = postSolution
		{F4D3C15C-694D-488B-8B77-C57B200B209D}.Debug|Any CPU.ActiveCfg = Debug|Any CPU
		{F4D3C15C-694D-488B-8B77-C57B200B209D}.Debug|Any CPU.Build.0 = Debug|Any CPU
		{F4D3C15C-694D-488B-8B77-C57B200B209D}.Release|Any CPU.ActiveCfg = Release|Any CPU
		{F4D3C15C-694D-488B-8B77-C57B200B209D}.Release|Any CPU.Build.0 = Release|Any CPU
	EndGlobalSection
	GlobalSection(SolutionProperties) = preSolution
		HideSolutionNode = FALSE
	EndGlobalSection
	GlobalSection(ExtensibilityGlobals) = postSolution
		SolutionGuid = {617188BF-05FE-4EDB-8AA4-C801F860E2DE}
	EndGlobalSection
EndGlobal
